{
  "name": "ghost-detector-api",
  "version": "1.0.0",
  "lockfileVersion": 2,
  "requires": true,
  "packages": {
    "": {
      "name": "ghost-detector-api",
      "version": "1.0.0",
      "license": "MIT",
      "dependencies": {
        "body-parser": "^1.20.2",
        "dotenv": "^16.1.3",
        "express": "^4.18.2",
        "multer": "^1.4.5-lts.1"
      }
    },
    "node_modules/body-parser": {
      "version": "1.20.2",
      "resolved": "https://registry.npmjs.org/body-parser/-/body-parser-1.20.2.tgz",
      "integrity": "sha512-Q28IF0faR4i+03OgwnkwcTFt8s0IOFodwxf2VB0Mo6n1QOY78U06/O0CbHJIAKZn5iRYRheeoMtS2dfr52AfVw=="
    },
    "node_modules/dotenv": {
      "version": "16.1.3",
      "resolved": "https://registry.npmjs.org/dotenv/-/dotenv-16.1.3.tgz",
      "integrity": "sha512-Iaw5RoUnTxnsRQ55htgsuCLi8o/ZvsZsRmTiYIaP70rSA3NEfZqNlFGkp/t/tVvSkKn21c7pyUmrNmWU4HbP5w=="
    },
    "node_modules/express": {
      "version": "4.18.2",
      "resolved": "https://registry.npmjs.org/express/-/express-4.18.2.tgz",
      "integrity": "sha512-5PFLrPEqVNvOYY3P34J6FKwqso5ymX7pueVugxKH+EE2cDpPfnDbNZq5HcTWx0Wg7u8bD1GZixq3GkoqCXK/Aw=="
    },
    "node_modules/multer": {
      "version": "1.4.5-lts.1",
      "resolved": "https://registry.npmjs.org/multer/-/multer-1.4.5-lts.1.tgz",
      "integrity": "sha512-9GLRb2hmbDGciU0jtTbV6pHyFXrdCFHtNxnw1HEA9AY43Q8yiGeqjGbAPZoFAV2pTw8cPXVFN2huPtwcIbNa0g=="
    }
  }
}
